{
    "name": "janwhere",
    "version": "1.0.0",
    "lockfileVersion": 3,
    "requires": true,
    "packages": {
        "": {
            "name": "janwhere",
            "version": "1.0.0",
            "dependencies": {
                "@react-google-maps/marker-clusterer": "^2.16.1"
            }
        },
        "node_modules/@react-google-maps/marker-clusterer": {
            "version": "2.16.1",
            "resolved": "https://registry.npmjs.org/@react-google-maps/marker-clusterer/-/marker-clusterer-2.16.1.tgz",
            "integrity": "sha512-jOuyqzWLeXvQcoAu6TCVWHAuko+sDt0JjawNHBGqUNLywMtTCvYP0L0PiqJZOUCUeRYGdUy0AKxQ+30vAkvwag=="
        }
    }
}
